// !$*UTF8*$!
{
	archiveVersion = 1;
	classes = {
	};
	objectVersion = 46;
	objects = {

/* Begin PBXBuildFile section */
		187F1BCA1AD194360001BD00 /* main.m in Sources */ = {isa = PBXBuildFile; fileRef = 187F1BC91AD194360001BD00 /* main.m */; };
		187F1BCD1AD194360001BD00 /* AppDelegate.m in Sources */ = {isa = PBXBuildFile; fileRef = 187F1BCC1AD194360001BD00 /* AppDelegate.m */; };
		187F1BD01AD194360001BD00 /* TroyStoryFour.xcdatamodeld in Sources */ = {isa = PBXBuildFile; fileRef = 187F1BCE1AD194360001BD00 /* TroyStoryFour.xcdatamodeld */; };
		187F1BD31AD194360001BD00 /* WarriorListViewController.m in Sources */ = {isa = PBXBuildFile; fileRef = 187F1BD21AD194360001BD00 /* WarriorListViewController.m */; };
		187F1BD61AD194360001BD00 /* Main.storyboard in Resources */ = {isa = PBXBuildFile; fileRef = 187F1BD41AD194360001BD00 /* Main.storyboard */; };
		187F1BD81AD194360001BD00 /* Images.xcassets in Resources */ = {isa = PBXBuildFile; fileRef = 187F1BD71AD194360001BD00 /* Images.xcassets */; };
		187F1BDB1AD194360001BD00 /* LaunchScreen.xib in Resources */ = {isa = PBXBuildFile; fileRef = 187F1BD91AD194360001BD00 /* LaunchScreen.xib */; };
		187F1BE71AD194360001BD00 /* TroyStoryFourTests.m in Sources */ = {isa = PBXBuildFile; fileRef = 187F1BE61AD194360001BD00 /* TroyStoryFourTests.m */; };
/* End PBXBuildFile section */

/* Begin PBXContainerItemProxy section */
		187F1BE11AD194360001BD00 /* PBXContainerItemProxy */ = {
			isa = PBXContainerItemProxy;
			containerPortal = 187F1BBC1AD194360001BD00 /* Project object */;
			proxyType = 1;
			remoteGlobalIDString = 187F1BC31AD194360001BD00;
			remoteInfo = TroyStoryFour;
		};
/* End PBXContainerItemProxy section */

/* Begin PBXFileReference section */
		187F1BC41AD194360001BD00 /* TroyStoryFour.app */ = {isa = PBXFileReference; explicitFileType = wrapper.application; includeInIndex = 0; path = TroyStoryFour.app; sourceTree = BUILT_PRODUCTS_DIR; };
		187F1BC81AD194360001BD00 /* Info.plist */ = {isa = PBXFileReference; lastKnownFileType = text.plist.xml; path = Info.plist; sourceTree = "<group>"; };
		187F1BC91AD194360001BD00 /* main.m */ = {isa = PBXFileReference; lastKnownFileType = sourcecode.c.objc; path = main.m; sourceTree = "<group>"; };
		187F1BCB1AD194360001BD00 /* AppDelegate.h */ = {isa = PBXFileReference; lastKnownFileType = sourcecode.c.h; path = AppDelegate.h; sourceTree = "<group>"; };
		187F1BCC1AD194360001BD00 /* AppDelegate.m */ = {isa = PBXFileReference; lastKnownFileType = sourcecode.c.objc; path = AppDelegate.m; sourceTree = "<group>"; };
		187F1BCF1AD194360001BD00 /* TroyStoryFour.xcdatamodel */ = {isa = PBXFileReference; lastKnownFileType = wrapper.xcdatamodel; path = TroyStoryFour.xcdatamodel; sourceTree = "<group>"; };
		187F1BD11AD194360001BD00 /* WarriorListViewController.h */ = {isa = PBXFileReference; lastKnownFileType = sourcecode.c.h; path = WarriorListViewController.h; sourceTree = "<group>"; };
		187F1BD21AD194360001BD00 /* WarriorListViewController.m */ = {isa = PBXFileReference; lastKnownFileType = sourcecode.c.objc; path = WarriorListViewController.m; sourceTree = "<group>"; };
		187F1BD51AD194360001BD00 /* Base */ = {isa = PBXFileReference; lastKnownFileType = file.storyboard; name = Base; path = Base.lproj/Main.storyboard; sourceTree = "<group>"; };
		187F1BD71AD194360001BD00 /* Images.xcassets */ = {isa = PBXFileReference; lastKnownFileType = folder.assetcatalog; path = Images.xcassets; sourceTree = "<group>"; };
		187F1BDA1AD194360001BD00 /* Base */ = {isa = PBXFileReference; lastKnownFileType = file.xib; name = Base; path = Base.lproj/LaunchScreen.xib; sourceTree = "<group>"; };
		187F1BE01AD194360001BD00 /* TroyStoryFourTests.xctest */ = {isa = PBXFileReference; explicitFileType = wrapper.cfbundle; includeInIndex = 0; path = TroyStoryFourTests.xctest; sourceTree = BUILT_PRODUCTS_DIR; };
		187F1BE51AD194360001BD00 /* Info.plist */ = {isa = PBXFileReference; lastKnownFileType = text.plist.xml; path = Info.plist; sourceTree = "<group>"; };
		187F1BE61AD194360001BD00 /* TroyStoryFourTests.m */ = {isa = PBXFileReference; lastKnownFileType = sourcecode.c.objc; path = TroyStoryFourTests.m; sourceTree = "<group>"; };
/* End PBXFileReference section */

/* Begin PBXFrameworksBuildPhase section */
		187F1BC11AD194360001BD00 /* Frameworks */ = {
			isa = PBXFrameworksBuildPhase;
			buildActionMask = 2147483647;
			files = (
			);
			runOnlyForDeploymentPostprocessing = 0;
		};
		187F1BDD1AD194360001BD00 /* Frameworks */ = {
			isa = PBXFrameworksBuildPhase;
			buildActionMask = 2147483647;
			files = (
			);
			runOnlyForDeploymentPostprocessing = 0;
		};
/* End PBXFrameworksBuildPhase section */

/* Begin PBXGroup section */
		187F1BBB1AD194360001BD00 = {
			isa = PBXGroup;
			children = (
				187F1BC61AD194360001BD00 /* TroyStoryFour */,
				187F1BE31AD194360001BD00 /* TroyStoryFourTests */,
				187F1BC51AD194360001BD00 /* Products */,
			);
			sourceTree = "<group>";
		};
		187F1BC51AD194360001BD00 /* Products */ = {
			isa = PBXGroup;
			children = (
				187F1BC41AD194360001BD00 /* TroyStoryFour.app */,
				187F1BE01AD194360001BD00 /* TroyStoryFourTests.xctest */,
			);
			name = Products;
			sourceTree = "<group>";
		};
		187F1BC61AD194360001BD00 /* TroyStoryFour */ = {
			isa = PBXGroup;
			children = (
				187F1BCB1AD194360001BD00 /* AppDelegate.h */,
				187F1BCC1AD194360001BD00 /* AppDelegate.m */,
				187F1BD11AD194360001BD00 /* WarriorListViewController.h */,
				187F1BD21AD194360001BD00 /* WarriorListViewController.m */,
				187F1BD41AD194360001BD00 /* Main.storyboard */,
				187F1BD71AD194360001BD00 /* Images.xcassets */,
				187F1BD91AD194360001BD00 /* LaunchScreen.xib */,
				187F1BCE1AD194360001BD00 /* TroyStoryFour.xcdatamodeld */,
				187F1BC71AD194360001BD00 /* Supporting Files */,
			);
			path = TroyStoryFour;
			sourceTree = "<group>";
		};
		187F1BC71AD194360001BD00 /* Supporting Files */ = {
			isa = PBXGroup;
			children = (
				187F1BC81AD194360001BD00 /* Info.plist */,
				187F1BC91AD194360001BD00 /* main.m */,
			);
			name = "Supporting Files";
			sourceTree = "<group>";
		};
		187F1BE31AD194360001BD00 /* TroyStoryFourTests */ = {
			isa = PBXGroup;
			children = (
				187F1BE61AD194360001BD00 /* TroyStoryFourTests.m */,
				187F1BE41AD194360001BD00 /* Supporting Files */,
			);
			path = TroyStoryFourTests;
			sourceTree = "<group>";
		};
		187F1BE41AD194360001BD00 /* Supporting Files */ = {
			isa = PBXGroup;
			children = (
				187F1BE51AD194360001BD00 /* Info.plist */,
			);
			name = "Supporting Files";
			sourceTree = "<group>";
		};
/* End PBXGroup section */

/* Begin PBXNativeTarget section */
		187F1BC31AD194360001BD00 /* TroyStoryFour */ = {
			isa = PBXNativeTarget;
			buildConfigurationList = 187F1BEA1AD194360001BD00 /* Build configuration list for PBXNativeTarget "TroyStoryFour" */;
			buildPhases = (
				187F1BC01AD194360001BD00 /* Sources */,
				187F1BC11AD194360001BD00 /* Frameworks */,
				187F1BC21AD194360001BD00 /* Resources */,
			);
			buildRules = (
			);
			dependencies = (
			);
			name = TroyStoryFour;
			productName = TroyStoryFour;
			productReference = 187F1BC41AD194360001BD00 /* TroyStoryFour.app */;
			productType = "com.apple.product-type.application";
		};
		187F1BDF1AD194360001BD00 /* TroyStoryFourTests */ = {
			isa = PBXNativeTarget;
			buildConfigurationList = 187F1BED1AD194360001BD00 /* Build configuration list for PBXNativeTarget "TroyStoryFourTests" */;
			buildPhases = (
				187F1BDC1AD194360001BD00 /* Sources */,
				187F1BDD1AD194360001BD00 /* Frameworks */,
				187F1BDE1AD194360001BD00 /* Resources */,
			);
			buildRules = (
			);
			dependencies = (
				187F1BE21AD194360001BD00 /* PBXTargetDependency */,
			);
			name = TroyStoryFourTests;
			productName = TroyStoryFourTests;
			productReference = 187F1BE01AD194360001BD00 /* TroyStoryFourTests.xctest */;
			productType = "com.apple.product-type.bundle.unit-test";
		};
/* End PBXNativeTarget section */

/* Begin PBXProject section */
		187F1BBC1AD194360001BD00 /* Project object */ = {
			isa = PBXProject;
			attributes = {
				LastUpgradeCheck = 0620;
				ORGANIZATIONNAME = "Sherrie Jones";
				TargetAttributes = {
					187F1BC31AD194360001BD00 = {
						CreatedOnToolsVersion = 6.2;
					};
					187F1BDF1AD194360001BD00 = {
						CreatedOnToolsVersion = 6.2;
						TestTargetID = 187F1BC31AD194360001BD00;
					};
				};
			};
			buildConfigurationList = 187F1BBF1AD194360001BD00 /* Build configuration list for PBXProject "TroyStoryFour" */;
			compatibilityVersion = "Xcode 3.2";
			developmentRegion = English;
			hasScannedForEncodings = 0;
			knownRegions = (
				en,
				Base,
			);
			mainGroup = 187F1BBB1AD194360001BD00;
			productRefGroup = 187F1BC51AD194360001BD00 /* Products */;
			projectDirPath = "";
			projectRoot = "";
			targets = (
				187F1BC31AD194360001BD00 /* TroyStoryFour */,
				187F1BDF1AD194360001BD00 /* TroyStoryFourTests */,
			);
		};
/* End PBXProject section */

/* Begin PBXResourcesBuildPhase section */
		187F1BC21AD194360001BD00 /* Resources */ = {
			isa = PBXResourcesBuildPhase;
			buildActionMask = 2147483647;
			files = (
				187F1BD61AD194360001BD00 /* Main.storyboard in Resources */,
				187F1BDB1AD194360001BD00 /* LaunchScreen.xib in Resources */,
				187F1BD81AD194360001BD00 /* Images.xcassets in Resources */,
			);
			runOnlyForDeploymentPostprocessing = 0;
		};
		187F1BDE1AD194360001BD00 /* Resources */ = {
			isa = PBXResourcesBuildPhase;
			buildActionMask = 2147483647;
			files = (
			);
			runOnlyForDeploymentPostprocessing = 0;
		};
/* End PBXResourcesBuildPhase section */

/* Begin PBXSourcesBuildPhase section */
		187F1BC01AD194360001BD00 /* Sources */ = {
			isa = PBXSourcesBuildPhase;
			buildActionMask = 2147483647;
			files = (
				187F1BCD1AD194360001BD00 /* AppDelegate.m in Sources */,
				187F1BD01AD194360001BD00 /* TroyStoryFour.xcdatamodeld in Sources */,
				187F1BD31AD194360001BD00 /* WarriorListViewController.m in Sources */,
				187F1BCA1AD194360001BD00 /* main.m in Sources */,
			);
			runOnlyForDeploymentPostprocessing = 0;
		};
		187F1BDC1AD194360001BD00 /* Sources */ = {
			isa = PBXSourcesBuildPhase;
			buildActionMask = 2147483647;
			files = (
				187F1BE71AD194360001BD00 /* TroyStoryFourTests.m in Sources */,
			);
			runOnlyForDeploymentPostprocessing = 0;
		};
/* End PBXSourcesBuildPhase section */

/* Begin PBXTargetDependency section */
		187F1BE21AD194360001BD00 /* PBXTargetDependency */ = {
			isa = PBXTargetDependency;
			target = 187F1BC31AD194360001BD00 /* TroyStoryFour */;
			targetProxy = 187F1BE11AD194360001BD00 /* PBXContainerItemProxy */;
		};
/* End PBXTargetDependency section */

/* Begin PBXVariantGroup section */
		187F1BD41AD194360001BD00 /* Main.storyboard */ = {
			isa = PBXVariantGroup;
			children = (
				187F1BD51AD194360001BD00 /* Base */,
			);
			name = Main.storyboard;
			sourceTree = "<group>";
		};
		187F1BD91AD194360001BD00 /* LaunchScreen.xib */ = {
			isa = PBXVariantGroup;
			children = (
				187F1BDA1AD194360001BD00 /* Base */,
			);
			name = LaunchScreen.xib;
			sourceTree = "<group>";
		};
/* End PBXVariantGroup section */

/* Begin XCBuildConfiguration section */
		187F1BE81AD194360001BD00 /* Debug */ = {
			isa = XCBuildConfiguration;
			buildSettings = {
				ALWAYS_SEARCH_USER_PATHS = NO;
				CLANG_CXX_LANGUAGE_STANDARD = "gnu++0x";
				CLANG_CXX_LIBRARY = "libc++";
				CLANG_ENABLE_MODULES = YES;
				CLANG_ENABLE_OBJC_ARC = YES;
				CLANG_WARN_BOOL_CONVERSION = YES;
				CLANG_WARN_CONSTANT_CONVERSION = YES;
				CLANG_WARN_DIRECT_OBJC_ISA_USAGE = YES_ERROR;
				CLANG_WARN_EMPTY_BODY = YES;
				CLANG_WARN_ENUM_CONVERSION = YES;
				CLANG_WARN_INT_CONVERSION = YES;
				CLANG_WARN_OBJC_ROOT_CLASS = YES_ERROR;
				CLANG_WARN_UNREACHABLE_CODE = YES;
				CLANG_WARN__DUPLICATE_METHOD_MATCH = YES;
				"CODE_SIGN_IDENTITY[sdk=iphoneos*]" = "iPhone Developer";
				COPY_PHASE_STRIP = NO;
				ENABLE_STRICT_OBJC_MSGSEND = YES;
				GCC_C_LANGUAGE_STANDARD = gnu99;
				GCC_DYNAMIC_NO_PIC = NO;
				GCC_OPTIMIZATION_LEVEL = 0;
				GCC_PREPROCESSOR_DEFINITIONS = (
					"DEBUG=1",
					"$(inherited)",
				);
				GCC_SYMBOLS_PRIVATE_EXTERN = NO;
				GCC_WARN_64_TO_32_BIT_CONVERSION = YES;
				GCC_WARN_ABOUT_RETURN_TYPE = YES_ERROR;
				GCC_WARN_UNDECLARED_SELECTOR = YES;
				GCC_WARN_UNINITIALIZED_AUTOS = YES_AGGRESSIVE;
				GCC_WARN_UNUSED_FUNCTION = YES;
				GCC_WARN_UNUSED_VARIABLE = YES;
				IPHONEOS_DEPLOYMENT_TARGET = 8.2;
				MTL_ENABLE_DEBUG_INFO = YES;
				ONLY_ACTIVE_ARCH = YES;
				SDKROOT = iphoneos;
			};
			name = Debug;
		};
		187F1BE91AD194360001BD00 /* Release */ = {
			isa = XCBuildConfiguration;
			buildSettings = {
				ALWAYS_SEARCH_USER_PATHS = NO;
				CLANG_CXX_LANGUAGE_STANDARD = "gnu++0x";
				CLANG_CXX_LIBRARY = "libc++";
				CLANG_ENABLE_MODULES = YES;
				CLANG_ENABLE_OBJC_ARC = YES;
				CLANG_WARN_BOOL_CONVERSION = YES;
				CLANG_WARN_CONSTANT_CONVERSION = YES;
				CLANG_WARN_DIRECT_OBJC_ISA_USAGE = YES_ERROR;
				CLANG_WARN_EMPTY_BODY = YES;
				CLANG_WARN_ENUM_CONVERSION = YES;
				CLANG_WARN_INT_CONVERSION = YES;
				CLANG_WARN_OBJC_ROOT_CLASS = YES_ERROR;
				CLANG_WARN_UNREACHABLE_CODE = YES;
				CLANG_WARN__DUPLICATE_METHOD_MATCH = YES;
				"CODE_SIGN_IDENTITY[sdk=iphoneos*]" = "iPhone Developer";
				COPY_PHASE_STRIP = NO;
				ENABLE_NS_ASSERTIONS = NO;
				ENABLE_STRICT_OBJC_MSGSEND = YES;
				GCC_C_LANGUAGE_STANDARD = gnu99;
				GCC_WARN_64_TO_32_BIT_CONVERSION = YES;
				GCC_WARN_ABOUT_RETURN_TYPE = YES_ERROR;
				GCC_WARN_UNDECLARED_SELECTOR = YES;
				GCC_WARN_UNINITIALIZED_AUTOS = YES_AGGRESSIVE;
				GCC_WARN_UNUSED_FUNCTION = YES;
				GCC_WARN_UNUSED_VARIABLE = YES;
				IPHONEOS_DEPLOYMENT_TARGET = 8.2;
				MTL_ENABLE_DEBUG_INFO = NO;
				SDKROOT = iphoneos;
				VALIDATE_PRODUCT = YES;
			};
			name = Release;
		};
		187F1BEB1AD194360001BD00 /* Debug */ = {
			isa = XCBuildConfiguration;
			buildSettings = {
				ASSETCATALOG_COMPILER_APPICON_NAME = AppIcon;
				INFOPLIST_FILE = TroyStoryFour/Info.plist;
				LD_RUNPATH_SEARCH_PATHS = "$(inherited) @executable_path/Frameworks";
				PRODUCT_NAME = "$(TARGET_NAME)";
			};
			name = Debug;
		};
		187F1BEC1AD194360001BD00 /* Release */ = {
			isa = XCBuildConfiguration;
			buildSettings = {
				ASSETCATALOG_COMPILER_APPICON_NAME = AppIcon;
				INFOPLIST_FILE = TroyStoryFour/Info.plist;
				LD_RUNPATH_SEARCH_PATHS = "$(inherited) @executable_path/Frameworks";
				PRODUCT_NAME = "$(TARGET_NAME)";
			};
			name = Release;
		};
		187F1BEE1AD194360001BD00 /* Debug */ = {
			isa = XCBuildConfiguration;
			buildSettings = {
				BUNDLE_LOADER = "$(TEST_HOST)";
				FRAMEWORK_SEARCH_PATHS = (
					"$(SDKROOT)/Developer/Library/Frameworks",
					"$(inherited)",
				);
				GCC_PREPROCESSOR_DEFINITIONS = (
					"DEBUG=1",
					"$(inherited)",
				);
				INFOPLIST_FILE = TroyStoryFourTests/Info.plist;
				LD_RUNPATH_SEARCH_PATHS = "$(inherited) @executable_path/Frameworks @loader_path/Frameworks";
				PRODUCT_NAME = "$(TARGET_NAME)";
				TEST_HOST = "$(BUILT_PRODUCTS_DIR)/TroyStoryFour.app/TroyStoryFour";
			};
			name = Debug;
		};
		187F1BEF1AD194360001BD00 /* Release */ = {
			isa = XCBuildConfiguration;
			buildSettings = {
				BUNDLE_LOADER = "$(TEST_HOST)";
				FRAMEWORK_SEARCH_PATHS = (
					"$(SDKROOT)/Developer/Library/Frameworks",
					"$(inherited)",
				);
				INFOPLIST_FILE = TroyStoryFourTests/Info.plist;
				LD_RUNPATH_SEARCH_PATHS = "$(inherited) @executable_path/Frameworks @loader_path/Frameworks";
				PRODUCT_NAME = "$(TARGET_NAME)";
				TEST_HOST = "$(BUILT_PRODUCTS_DIR)/TroyStoryFour.app/TroyStoryFour";
			};
			name = Release;
		};
/* End XCBuildConfiguration section */

/* Begin XCConfigurationList section */
		187F1BBF1AD194360001BD00 /* Build configuration list for PBXProject "TroyStoryFour" */ = {
			isa = XCConfigurationList;
			buildConfigurations = (
				187F1BE81AD194360001BD00 /* Debug */,
				187F1BE91AD194360001BD00 /* Release */,
			);
			defaultConfigurationIsVisible = 0;
			defaultConfigurationName = Release;
		};
		187F1BEA1AD194360001BD00 /* Build configuration list for PBXNativeTarget "TroyStoryFour" */ = {
			isa = XCConfigurationList;
			buildConfigurations = (
				187F1BEB1AD194360001BD00 /* Debug */,
				187F1BEC1AD194360001BD00 /* Release */,
			);
			defaultConfigurationIsVisible = 0;
		};
		187F1BED1AD194360001BD00 /* Build configuration list for PBXNativeTarget "TroyStoryFourTests" */ = {
			isa = XCConfigurationList;
			buildConfigurations = (
				187F1BEE1AD194360001BD00 /* Debug */,
				187F1BEF1AD194360001BD00 /* Release */,
			);
			defaultConfigurationIsVisible = 0;
		};
/* End XCConfigurationList section */

/* Begin XCVersionGroup section */
		187F1BCE1AD194360001BD00 /* TroyStoryFour.xcdatamodeld */ = {
			isa = XCVersionGroup;
			children = (
				187F1BCF1AD194360001BD00 /* TroyStoryFour.xcdatamodel */,
			);
			currentVersion = 187F1BCF1AD194360001BD00 /* TroyStoryFour.xcdatamodel */;
			path = TroyStoryFour.xcdatamodeld;
			sourceTree = "<group>";
			versionGroupType = wrapper.xcdatamodel;
		};
/* End XCVersionGroup section */
	};
	rootObject = 187F1BBC1AD194360001BD00 /* Project object */;
}
